
Microsoft Visual Studio Solution File, Format Version 12.00
# Visual Studio Version 16
VisualStudioVersion = 16.0.28822.285
MinimumVisualStudioVersion = 10.0.40219.1
Project("{9A19103F-16F7-4668-BE54-9A1E7A4F7556}") = "Dragon.Domain", "Dragon.Domain\Dragon.Domain.csproj", "{EF305415-FAB0-4134-AA9B-DE0158795765}"
EndProject
Project("{9A19103F-16F7-4668-BE54-9A1E7A4F7556}") = "Dragon.Application", "Dragon.Application\Dragon.Application.csproj", "{951294D8-613F-4667-88A7-B07D66A9F4AD}"
EndProject
Project("{9A19103F-16F7-4668-BE54-9A1E7A4F7556}") = "Dragon.Serverless.API", "Dragon.Serverless.API\Dragon.Serverless.API.csproj", "{FC3FFF22-2FB8-4FAB-B764-8B6525F41DE9}"
EndProject
Project("{9A19103F-16F7-4668-BE54-9A1E7A4F7556}") = "Dragon.DataAccess.AzureTable", "Dragon.DataAccess.AzureTable\Dragon.DataAccess.AzureTable.csproj", "{B677B4B7-F280-4FBA-BF2D-E259570E961C}"
EndProject
Project("{FAE04EC0-301F-11D3-BF4B-00C04F79EFBC}") = "Dragon.Serverless.API.IntegrationTests", "Dragon.Serverless.API.IntegrationTests\Dragon.Serverless.API.IntegrationTests.csproj", "{54C670CB-A562-4CBA-B81F-9C558F3139D4}"
EndProject
Global
	GlobalSection(SolutionConfigurationPlatforms) = preSolution
		Debug|Any CPU = Debug|Any CPU
		Release|Any CPU = Release|Any CPU
	EndGlobalSection
	GlobalSection(ProjectConfigurationPlatforms) = postSolution
		{EF305415-FAB0-4134-AA9B-DE0158795765}.Debug|Any CPU.ActiveCfg = Debug|Any CPU
		{EF305415-FAB0-4134-AA9B-DE0158795765}.Debug|Any CPU.Build.0 = Debug|Any CPU
		{EF305415-FAB0-4134-AA9B-DE0158795765}.Release|Any CPU.ActiveCfg = Release|Any CPU
		{EF305415-FAB0-4134-AA9B-DE0158795765}.Release|Any CPU.Build.0 = Release|Any CPU
		{951294D8-613F-4667-88A7-B07D66A9F4AD}.Debug|Any CPU.ActiveCfg = Debug|Any CPU
		{951294D8-613F-4667-88A7-B07D66A9F4AD}.Debug|Any CPU.Build.0 = Debug|Any CPU
		{951294D8-613F-4667-88A7-B07D66A9F4AD}.Release|Any CPU.ActiveCfg = Release|Any CPU
		{951294D8-613F-4667-88A7-B07D66A9F4AD}.Release|Any CPU.Build.0 = Release|Any CPU
		{FC3FFF22-2FB8-4FAB-B764-8B6525F41DE9}.Debug|Any CPU.ActiveCfg = Debug|Any CPU
		{FC3FFF22-2FB8-4FAB-B764-8B6525F41DE9}.Debug|Any CPU.Build.0 = Debug|Any CPU
		{FC3FFF22-2FB8-4FAB-B764-8B6525F41DE9}.Release|Any CPU.ActiveCfg = Release|Any CPU
		{FC3FFF22-2FB8-4FAB-B764-8B6525F41DE9}.Release|Any CPU.Build.0 = Release|Any CPU
		{B677B4B7-F280-4FBA-BF2D-E259570E961C}.Debug|Any CPU.ActiveCfg = Debug|Any CPU
		{B677B4B7-F280-4FBA-BF2D-E259570E961C}.Debug|Any CPU.Build.0 = Debug|Any CPU
		{B677B4B7-F280-4FBA-BF2D-E259570E961C}.Release|Any CPU.ActiveCfg = Release|Any CPU
		{B677B4B7-F280-4FBA-BF2D-E259570E961C}.Release|Any CPU.Build.0 = Release|Any CPU
		{54C670CB-A562-4CBA-B81F-9C558F3139D4}.Debug|Any CPU.ActiveCfg = Debug|Any CPU
		{54C670CB-A562-4CBA-B81F-9C558F3139D4}.Debug|Any CPU.Build.0 = Debug|Any CPU
		{54C670CB-A562-4CBA-B81F-9C558F3139D4}.Release|Any CPU.ActiveCfg = Release|Any CPU
		{54C670CB-A562-4CBA-B81F-9C558F3139D4}.Release|Any CPU.Build.0 = Release|Any CPU
	EndGlobalSection
	GlobalSection(SolutionProperties) = preSolution
		HideSolutionNode = FALSE
	EndGlobalSection
	GlobalSection(ExtensibilityGlobals) = postSolution
		SolutionGuid = {3BC260AE-1790-4600-B960-134AAEB323E2}
	EndGlobalSection
EndGlobal
